
Microsoft Visual Studio Solution File, Format Version 12.00
# Visual Studio 15
Project("{FAE04EC0-301F-11D3-BF4B-00C04F79EFBC}") = "Assembly-CSharp", "Assembly-CSharp.csproj", "{EBBDF924-9FD2-47B3-48DB-1CC6BEF12480}"
EndProject
Project("{FAE04EC0-301F-11D3-BF4B-00C04F79EFBC}") = "Assembly-CSharp-Editor", "Assembly-CSharp-Editor.csproj", "{4A11FE13-D5DE-4746-CC00-2A3F990C498E}"
EndProject
Global
	GlobalSection(SolutionConfigurationPlatforms) = preSolution
		Debug|Any CPU = Debug|Any CPU
		Release|Any CPU = Release|Any CPU
	EndGlobalSection
	GlobalSection(ProjectConfigurationPlatforms) = postSolution
		{EBBDF924-9FD2-47B3-48DB-1CC6BEF12480}.Debug|Any CPU.ActiveCfg = Debug|Any CPU
		{EBBDF924-9FD2-47B3-48DB-1CC6BEF12480}.Debug|Any CPU.Build.0 = Debug|Any CPU
		{EBBDF924-9FD2-47B3-48DB-1CC6BEF12480}.Release|Any CPU.ActiveCfg = Release|Any CPU
		{EBBDF924-9FD2-47B3-48DB-1CC6BEF12480}.Release|Any CPU.Build.0 = Release|Any CPU
		{4A11FE13-D5DE-4746-CC00-2A3F990C498E}.Debug|Any CPU.ActiveCfg = Debug|Any CPU
		{4A11FE13-D5DE-4746-CC00-2A3F990C498E}.Debug|Any CPU.Build.0 = Debug|Any CPU
		{4A11FE13-D5DE-4746-CC00-2A3F990C498E}.Release|Any CPU.ActiveCfg = Release|Any CPU
		{4A11FE13-D5DE-4746-CC00-2A3F990C498E}.Release|Any CPU.Build.0 = Release|Any CPU
	EndGlobalSection
	GlobalSection(SolutionProperties) = preSolution
		HideSolutionNode = FALSE
	EndGlobalSection
EndGlobal
